
Microsoft Visual Studio Solution File, Format Version 12.00
# Visual Studio 15
VisualStudioVersion = 15.0.27130.2027
MinimumVisualStudioVersion = 10.0.40219.1
Project("{FAE04EC0-301F-11D3-BF4B-00C04F79EFBC}") = "Piceffect", "Piceffect.csproj", "{D36692CB-CE5B-4825-AC90-49A72998D37E}"
EndProject
Global
	GlobalSection(SolutionConfigurationPlatforms) = preSolution
		Debug|Any CPU = Debug|Any CPU
		Release|Any CPU = Release|Any CPU
	EndGlobalSection
	GlobalSection(ProjectConfigurationPlatforms) = postSolution
		{D36692CB-CE5B-4825-AC90-49A72998D37E}.Debug|Any CPU.ActiveCfg = Debug|Any CPU
		{D36692CB-CE5B-4825-AC90-49A72998D37E}.Debug|Any CPU.Build.0 = Debug|Any CPU
		{D36692CB-CE5B-4825-AC90-49A72998D37E}.Release|Any CPU.ActiveCfg = Release|Any CPU
		{D36692CB-CE5B-4825-AC90-49A72998D37E}.Release|Any CPU.Build.0 = Release|Any CPU
	EndGlobalSection
	GlobalSection(SolutionProperties) = preSolution
		HideSolutionNode = FALSE
	EndGlobalSection
	GlobalSection(ExtensibilityGlobals) = postSolution
		SolutionGuid = {2CBAC25E-4840-4309-BC45-2FB82A3EC34A}
	EndGlobalSection
EndGlobal
